
Microsoft Visual Studio Solution File, Format Version 12.00
# Visual Studio 15
VisualStudioVersion = 15.0.27130.2036
MinimumVisualStudioVersion = 10.0.40219.1
Project("{FAE04EC0-301F-11D3-BF4B-00C04F79EFBC}") = "Messenger.Webhook.DotNet.Sample", "Messenger.Webhook.DotNet.Sample\Messenger.Webhook.DotNet.Sample.csproj", "{D41600EF-B76F-4A38-9EC3-47FD8DF15C1E}"
EndProject
Global
	GlobalSection(SolutionConfigurationPlatforms) = preSolution
		Debug|Any CPU = Debug|Any CPU
		Release|Any CPU = Release|Any CPU
	EndGlobalSection
	GlobalSection(ProjectConfigurationPlatforms) = postSolution
		{D41600EF-B76F-4A38-9EC3-47FD8DF15C1E}.Debug|Any CPU.ActiveCfg = Debug|Any CPU
		{D41600EF-B76F-4A38-9EC3-47FD8DF15C1E}.Debug|Any CPU.Build.0 = Debug|Any CPU
		{D41600EF-B76F-4A38-9EC3-47FD8DF15C1E}.Release|Any CPU.ActiveCfg = Release|Any CPU
		{D41600EF-B76F-4A38-9EC3-47FD8DF15C1E}.Release|Any CPU.Build.0 = Release|Any CPU
	EndGlobalSection
	GlobalSection(SolutionProperties) = preSolution
		HideSolutionNode = FALSE
	EndGlobalSection
	GlobalSection(ExtensibilityGlobals) = postSolution
		SolutionGuid = {13E5A5EF-95ED-4A57-9C41-A13119EAE5AC}
	EndGlobalSection
EndGlobal
